
Microsoft Visual Studio Solution File, Format Version 12.00
# Visual Studio Version 17
VisualStudioVersion = 17.5.002.0
MinimumVisualStudioVersion = 10.0.40219.1
Project("{9A19103F-16F7-4668-BE54-9A1E7A4F7556}") = "RandNumFileReader", "RandNumFileReader.csproj", "{A61F553C-769E-49BF-9AD8-C0BDE1F62B9C}"
EndProject
Global
	GlobalSection(SolutionConfigurationPlatforms) = preSolution
		Debug|Any CPU = Debug|Any CPU
		Release|Any CPU = Release|Any CPU
	EndGlobalSection
	GlobalSection(ProjectConfigurationPlatforms) = postSolution
		{A61F553C-769E-49BF-9AD8-C0BDE1F62B9C}.Debug|Any CPU.ActiveCfg = Debug|Any CPU
		{A61F553C-769E-49BF-9AD8-C0BDE1F62B9C}.Debug|Any CPU.Build.0 = Debug|Any CPU
		{A61F553C-769E-49BF-9AD8-C0BDE1F62B9C}.Release|Any CPU.ActiveCfg = Release|Any CPU
		{A61F553C-769E-49BF-9AD8-C0BDE1F62B9C}.Release|Any CPU.Build.0 = Release|Any CPU
	EndGlobalSection
	GlobalSection(SolutionProperties) = preSolution
		HideSolutionNode = FALSE
	EndGlobalSection
	GlobalSection(ExtensibilityGlobals) = postSolution
		SolutionGuid = {E6A46A3D-B245-4160-ACD9-79CE0C9483EE}
	EndGlobalSection
EndGlobal
